
Microsoft Visual Studio Solution File, Format Version 12.00
# Visual Studio Version 17
VisualStudioVersion = 17.0.32014.148
MinimumVisualStudioVersion = 10.0.40219.1
Project("{FAE04EC0-301F-11D3-BF4B-00C04F79EFBC}") = "StackUsingLinkedList", "StackUsingLinkedList\StackUsingLinkedList.csproj", "{0BCA3425-70AF-46EE-9344-554ABA4AD97A}"
EndProject
Project("{FAE04EC0-301F-11D3-BF4B-00C04F79EFBC}") = "QueueUsingLinkedList", "QueueUsingLinkedList\QueueUsingLinkedList.csproj", "{40726325-25FA-4E67-AFD9-8F81CADCDC65}"
EndProject
Global
	GlobalSection(SolutionConfigurationPlatforms) = preSolution
		Debug|Any CPU = Debug|Any CPU
		Release|Any CPU = Release|Any CPU
	EndGlobalSection
	GlobalSection(ProjectConfigurationPlatforms) = postSolution
		{0BCA3425-70AF-46EE-9344-554ABA4AD97A}.Debug|Any CPU.ActiveCfg = Debug|Any CPU
		{0BCA3425-70AF-46EE-9344-554ABA4AD97A}.Debug|Any CPU.Build.0 = Debug|Any CPU
		{0BCA3425-70AF-46EE-9344-554ABA4AD97A}.Release|Any CPU.ActiveCfg = Release|Any CPU
		{0BCA3425-70AF-46EE-9344-554ABA4AD97A}.Release|Any CPU.Build.0 = Release|Any CPU
		{40726325-25FA-4E67-AFD9-8F81CADCDC65}.Debug|Any CPU.ActiveCfg = Debug|Any CPU
		{40726325-25FA-4E67-AFD9-8F81CADCDC65}.Debug|Any CPU.Build.0 = Debug|Any CPU
		{40726325-25FA-4E67-AFD9-8F81CADCDC65}.Release|Any CPU.ActiveCfg = Release|Any CPU
		{40726325-25FA-4E67-AFD9-8F81CADCDC65}.Release|Any CPU.Build.0 = Release|Any CPU
	EndGlobalSection
	GlobalSection(SolutionProperties) = preSolution
		HideSolutionNode = FALSE
	EndGlobalSection
	GlobalSection(ExtensibilityGlobals) = postSolution
		SolutionGuid = {23F614E8-D6F3-4888-94EF-553778146627}
	EndGlobalSection
EndGlobal
