
Microsoft Visual Studio Solution File, Format Version 12.00
# Visual Studio Version 17
VisualStudioVersion = 17.0.32014.148
MinimumVisualStudioVersion = 10.0.40219.1
Project("{FAE04EC0-301F-11D3-BF4B-00C04F79EFBC}") = "Logic Program", "Logic Program\Logic Program.csproj", "{126E933B-8B72-4636-AC7B-4E8937B8533F}"
EndProject
Global
	GlobalSection(SolutionConfigurationPlatforms) = preSolution
		Debug|Any CPU = Debug|Any CPU
		Release|Any CPU = Release|Any CPU
	EndGlobalSection
	GlobalSection(ProjectConfigurationPlatforms) = postSolution
		{126E933B-8B72-4636-AC7B-4E8937B8533F}.Debug|Any CPU.ActiveCfg = Debug|Any CPU
		{126E933B-8B72-4636-AC7B-4E8937B8533F}.Debug|Any CPU.Build.0 = Debug|Any CPU
		{126E933B-8B72-4636-AC7B-4E8937B8533F}.Release|Any CPU.ActiveCfg = Release|Any CPU
		{126E933B-8B72-4636-AC7B-4E8937B8533F}.Release|Any CPU.Build.0 = Release|Any CPU
	EndGlobalSection
	GlobalSection(SolutionProperties) = preSolution
		HideSolutionNode = FALSE
	EndGlobalSection
	GlobalSection(ExtensibilityGlobals) = postSolution
		SolutionGuid = {BC429E85-F7B9-4762-A4ED-2F21EEDAB899}
	EndGlobalSection
EndGlobal
