
Microsoft Visual Studio Solution File, Format Version 12.00
# Visual Studio Version 17
VisualStudioVersion = 17.0.32014.148
MinimumVisualStudioVersion = 10.0.40219.1
Project("{FAE04EC0-301F-11D3-BF4B-00C04F79EFBC}") = "Address_Book", "Address_Book\Address_Book.csproj", "{4E8A5C4B-D39B-4E3E-B131-D63189C1E533}"
EndProject
Global
	GlobalSection(SolutionConfigurationPlatforms) = preSolution
		Debug|Any CPU = Debug|Any CPU
		Release|Any CPU = Release|Any CPU
	EndGlobalSection
	GlobalSection(ProjectConfigurationPlatforms) = postSolution
		{4E8A5C4B-D39B-4E3E-B131-D63189C1E533}.Debug|Any CPU.ActiveCfg = Debug|Any CPU
		{4E8A5C4B-D39B-4E3E-B131-D63189C1E533}.Debug|Any CPU.Build.0 = Debug|Any CPU
		{4E8A5C4B-D39B-4E3E-B131-D63189C1E533}.Release|Any CPU.ActiveCfg = Release|Any CPU
		{4E8A5C4B-D39B-4E3E-B131-D63189C1E533}.Release|Any CPU.Build.0 = Release|Any CPU
	EndGlobalSection
	GlobalSection(SolutionProperties) = preSolution
		HideSolutionNode = FALSE
	EndGlobalSection
	GlobalSection(ExtensibilityGlobals) = postSolution
		SolutionGuid = {D49BB1FE-A10B-47F8-9F0B-65E273B86AA3}
	EndGlobalSection
EndGlobal
