
Microsoft Visual Studio Solution File, Format Version 12.00
# Visual Studio Version 17
VisualStudioVersion = 17.0.32014.148
MinimumVisualStudioVersion = 10.0.40219.1
Project("{FAE04EC0-301F-11D3-BF4B-00C04F79EFBC}") = "Welcome To Employee Computation Program", "Welcome To Employee Computation Program\Welcome To Employee Computation Program.csproj", "{014ABE01-954C-4428-B35C-ED6E0C609A5E}"
EndProject
Global
	GlobalSection(SolutionConfigurationPlatforms) = preSolution
		Debug|Any CPU = Debug|Any CPU
		Release|Any CPU = Release|Any CPU
	EndGlobalSection
	GlobalSection(ProjectConfigurationPlatforms) = postSolution
		{014ABE01-954C-4428-B35C-ED6E0C609A5E}.Debug|Any CPU.ActiveCfg = Debug|Any CPU
		{014ABE01-954C-4428-B35C-ED6E0C609A5E}.Debug|Any CPU.Build.0 = Debug|Any CPU
		{014ABE01-954C-4428-B35C-ED6E0C609A5E}.Release|Any CPU.ActiveCfg = Release|Any CPU
		{014ABE01-954C-4428-B35C-ED6E0C609A5E}.Release|Any CPU.Build.0 = Release|Any CPU
	EndGlobalSection
	GlobalSection(SolutionProperties) = preSolution
		HideSolutionNode = FALSE
	EndGlobalSection
	GlobalSection(ExtensibilityGlobals) = postSolution
		SolutionGuid = {872A6FA6-4A38-4556-B16E-14E5B51A2D39}
	EndGlobalSection
EndGlobal
